
Microsoft Visual Studio Solution File, Format Version 12.00
# Visual Studio 15
VisualStudioVersion = 15.0.28010.2003
MinimumVisualStudioVersion = 10.0.40219.1
Project("{FAE04EC0-301F-11D3-BF4B-00C04F79EFBC}") = "CG4-1", "CG4-1\CG4-1.csproj", "{339FD5C0-C45F-46EC-A0CB-5E8A246A07FC}"
EndProject
Global
	GlobalSection(SolutionConfigurationPlatforms) = preSolution
		Debug|Any CPU = Debug|Any CPU
		Release|Any CPU = Release|Any CPU
	EndGlobalSection
	GlobalSection(ProjectConfigurationPlatforms) = postSolution
		{339FD5C0-C45F-46EC-A0CB-5E8A246A07FC}.Debug|Any CPU.ActiveCfg = Debug|Any CPU
		{339FD5C0-C45F-46EC-A0CB-5E8A246A07FC}.Debug|Any CPU.Build.0 = Debug|Any CPU
		{339FD5C0-C45F-46EC-A0CB-5E8A246A07FC}.Release|Any CPU.ActiveCfg = Release|Any CPU
		{339FD5C0-C45F-46EC-A0CB-5E8A246A07FC}.Release|Any CPU.Build.0 = Release|Any CPU
	EndGlobalSection
	GlobalSection(SolutionProperties) = preSolution
		HideSolutionNode = FALSE
	EndGlobalSection
	GlobalSection(ExtensibilityGlobals) = postSolution
		SolutionGuid = {BB96F47F-4639-4ADC-889E-844D728BC781}
	EndGlobalSection
EndGlobal
